
Microsoft Visual Studio Solution File, Format Version 12.00
# Visual Studio Version 16
VisualStudioVersion = 16.0.29806.167
MinimumVisualStudioVersion = 10.0.40219.1
Project("{9A19103F-16F7-4668-BE54-9A1E7A4F7556}") = "Lab1", "Lab1\Lab1.csproj", "{20D9FC2A-FC67-4C21-889A-9B239E5901EB}"
EndProject
Project("{FAE04EC0-301F-11D3-BF4B-00C04F79EFBC}") = "LABTEST1", "LabTest1\LABTEST1\LABTEST1.csproj", "{75237D54-7982-461C-827E-EAFC98F484CF}"
EndProject
Global
	GlobalSection(SolutionConfigurationPlatforms) = preSolution
		Debug|Any CPU = Debug|Any CPU
		Release|Any CPU = Release|Any CPU
	EndGlobalSection
	GlobalSection(ProjectConfigurationPlatforms) = postSolution
		{20D9FC2A-FC67-4C21-889A-9B239E5901EB}.Debug|Any CPU.ActiveCfg = Debug|Any CPU
		{20D9FC2A-FC67-4C21-889A-9B239E5901EB}.Debug|Any CPU.Build.0 = Debug|Any CPU
		{20D9FC2A-FC67-4C21-889A-9B239E5901EB}.Release|Any CPU.ActiveCfg = Release|Any CPU
		{20D9FC2A-FC67-4C21-889A-9B239E5901EB}.Release|Any CPU.Build.0 = Release|Any CPU
		{75237D54-7982-461C-827E-EAFC98F484CF}.Debug|Any CPU.ActiveCfg = Debug|Any CPU
		{75237D54-7982-461C-827E-EAFC98F484CF}.Debug|Any CPU.Build.0 = Debug|Any CPU
		{75237D54-7982-461C-827E-EAFC98F484CF}.Release|Any CPU.ActiveCfg = Release|Any CPU
		{75237D54-7982-461C-827E-EAFC98F484CF}.Release|Any CPU.Build.0 = Release|Any CPU
	EndGlobalSection
	GlobalSection(SolutionProperties) = preSolution
		HideSolutionNode = FALSE
	EndGlobalSection
	GlobalSection(ExtensibilityGlobals) = postSolution
		SolutionGuid = {E3BFC019-7633-4909-AFE5-49FF57F334E9}
	EndGlobalSection
EndGlobal
